
Microsoft Visual Studio Solution File, Format Version 12.00
# Visual Studio Version 16
VisualStudioVersion = 16.0.30717.126
MinimumVisualStudioVersion = 10.0.40219.1
Project("{FAE04EC0-301F-11D3-BF4B-00C04F79EFBC}") = "Clasificacion Texturas", "Clasificacion Texturas\Clasificacion Texturas.csproj", "{ADA07380-83EE-4001-8FB5-5AB56012DBDF}"
EndProject
Global
	GlobalSection(SolutionConfigurationPlatforms) = preSolution
		Debug|Any CPU = Debug|Any CPU
		Release|Any CPU = Release|Any CPU
	EndGlobalSection
	GlobalSection(ProjectConfigurationPlatforms) = postSolution
		{ADA07380-83EE-4001-8FB5-5AB56012DBDF}.Debug|Any CPU.ActiveCfg = Debug|Any CPU
		{ADA07380-83EE-4001-8FB5-5AB56012DBDF}.Debug|Any CPU.Build.0 = Debug|Any CPU
		{ADA07380-83EE-4001-8FB5-5AB56012DBDF}.Release|Any CPU.ActiveCfg = Release|Any CPU
		{ADA07380-83EE-4001-8FB5-5AB56012DBDF}.Release|Any CPU.Build.0 = Release|Any CPU
	EndGlobalSection
	GlobalSection(SolutionProperties) = preSolution
		HideSolutionNode = FALSE
	EndGlobalSection
	GlobalSection(ExtensibilityGlobals) = postSolution
		SolutionGuid = {374AB649-F989-4D1F-93C5-7B179CA1BC32}
	EndGlobalSection
EndGlobal
